
Microsoft Visual Studio Solution File, Format Version 12.00
# Visual Studio Version 16
VisualStudioVersion = 16.0.29025.244
MinimumVisualStudioVersion = 10.0.40219.1
Project("{FAE04EC0-301F-11D3-BF4B-00C04F79EFBC}") = "Ch03Ex02", "Ch03Ex02.csproj", "{FD6D5530-E5EB-4AAA-ADB3-F54CE00E84BA}"
EndProject
Global
	GlobalSection(SolutionConfigurationPlatforms) = preSolution
		Debug|Any CPU = Debug|Any CPU
		Release|Any CPU = Release|Any CPU
	EndGlobalSection
	GlobalSection(ProjectConfigurationPlatforms) = postSolution
		{FD6D5530-E5EB-4AAA-ADB3-F54CE00E84BA}.Debug|Any CPU.ActiveCfg = Debug|Any CPU
		{FD6D5530-E5EB-4AAA-ADB3-F54CE00E84BA}.Debug|Any CPU.Build.0 = Debug|Any CPU
		{FD6D5530-E5EB-4AAA-ADB3-F54CE00E84BA}.Release|Any CPU.ActiveCfg = Release|Any CPU
		{FD6D5530-E5EB-4AAA-ADB3-F54CE00E84BA}.Release|Any CPU.Build.0 = Release|Any CPU
	EndGlobalSection
	GlobalSection(SolutionProperties) = preSolution
		HideSolutionNode = FALSE
	EndGlobalSection
	GlobalSection(ExtensibilityGlobals) = postSolution
		SolutionGuid = {146EBD69-57B9-4EF7-A8D8-01C941C67E6C}
	EndGlobalSection
EndGlobal
